{
  "name": "di",
  "version": "1.0.0",
  "lockfileVersion": 1,
  "requires": true,
  "dependencies": {
    "@types/zone.js": {
      "version": "0.5.12",
      "resolved": "http://10.219.107.60:8082/repository/ct-npm-registry/@types/zone.js/-/zone.js-0.5.12.tgz",
      "integrity": "sha1-QQFhOkne++9k/v2zuAlpn+CPaLw=",
      "dev": true,
      "requires": {
        "zone.js": "*"
      }
    },
    "tslib": {
      "version": "2.0.3",
      "resolved": "http://10.219.107.60:8082/repository/ct-npm-registry/tslib/-/tslib-2.0.3.tgz",
      "integrity": "sha1-jgdBrEX8DCJuWKF7/D5kubxsphw="
    },
    "zone.js": {
      "version": "0.11.3",
      "resolved": "http://10.219.107.60:8082/repository/ct-npm-registry/zone.js/-/zone.js-0.11.3.tgz",
      "integrity": "sha1-JVpjExdHMcwBTWMjPvBP2YWNo3U=",
      "requires": {
        "tslib": "^2.0.0"
      }
    }
  }
}
